
Microsoft Visual Studio Solution File, Format Version 12.00
# Visual Studio 15
VisualStudioVersion = 15.0.27428.2011
MinimumVisualStudioVersion = 10.0.40219.1
Project("{9A19103F-16F7-4668-BE54-9A1E7A4F7556}") = "AuthServer", "AuthServer\AuthServer.csproj", "{3D6A3FD8-DA32-4E74-A8E7-E5511914A2EA}"
EndProject
Project("{9A19103F-16F7-4668-BE54-9A1E7A4F7556}") = "TestAPI", "TestAPI\TestAPI.csproj", "{AF2874B7-857E-4277-B727-842D3917149C}"
EndProject
Project("{FAE04EC0-301F-11D3-BF4B-00C04F79EFBC}") = "MvcClient", "MvcClient\MvcClient.csproj", "{C06886F4-33FA-4CBA-AC19-A6EB52DA011B}"
EndProject
Global
	GlobalSection(SolutionConfigurationPlatforms) = preSolution
		Debug|Any CPU = Debug|Any CPU
		Release|Any CPU = Release|Any CPU
	EndGlobalSection
	GlobalSection(ProjectConfigurationPlatforms) = postSolution
		{3D6A3FD8-DA32-4E74-A8E7-E5511914A2EA}.Debug|Any CPU.ActiveCfg = Debug|Any CPU
		{3D6A3FD8-DA32-4E74-A8E7-E5511914A2EA}.Debug|Any CPU.Build.0 = Debug|Any CPU
		{3D6A3FD8-DA32-4E74-A8E7-E5511914A2EA}.Release|Any CPU.ActiveCfg = Release|Any CPU
		{3D6A3FD8-DA32-4E74-A8E7-E5511914A2EA}.Release|Any CPU.Build.0 = Release|Any CPU
		{AF2874B7-857E-4277-B727-842D3917149C}.Debug|Any CPU.ActiveCfg = Debug|Any CPU
		{AF2874B7-857E-4277-B727-842D3917149C}.Debug|Any CPU.Build.0 = Debug|Any CPU
		{AF2874B7-857E-4277-B727-842D3917149C}.Release|Any CPU.ActiveCfg = Release|Any CPU
		{AF2874B7-857E-4277-B727-842D3917149C}.Release|Any CPU.Build.0 = Release|Any CPU
		{C06886F4-33FA-4CBA-AC19-A6EB52DA011B}.Debug|Any CPU.ActiveCfg = Debug|Any CPU
		{C06886F4-33FA-4CBA-AC19-A6EB52DA011B}.Debug|Any CPU.Build.0 = Debug|Any CPU
		{C06886F4-33FA-4CBA-AC19-A6EB52DA011B}.Release|Any CPU.ActiveCfg = Release|Any CPU
		{C06886F4-33FA-4CBA-AC19-A6EB52DA011B}.Release|Any CPU.Build.0 = Release|Any CPU
	EndGlobalSection
	GlobalSection(SolutionProperties) = preSolution
		HideSolutionNode = FALSE
	EndGlobalSection
	GlobalSection(ExtensibilityGlobals) = postSolution
		SolutionGuid = {2B896C6C-0ED7-4259-8FB0-290CF24D61E0}
	EndGlobalSection
EndGlobal
